
Microsoft Visual Studio Solution File, Format Version 12.00
# Visual Studio Version 16
VisualStudioVersion = 16.0.30523.141
MinimumVisualStudioVersion = 10.0.40219.1
Project("{FAE04EC0-301F-11D3-BF4B-00C04F79EFBC}") = "PinnacleSample", "PinnacleSample\PinnacleSample.csproj", "{820CC7D7-0902-4E14-BC0C-268B1D86D29A}"
EndProject
Project("{FAE04EC0-301F-11D3-BF4B-00C04F79EFBC}") = "PinnacleSampleTests", "PinnacleSampleTests\PinnacleSampleTests.csproj", "{65335E85-19D0-4BA4-A8A0-74F037D0FEB6}"
EndProject
Global
	GlobalSection(SolutionConfigurationPlatforms) = preSolution
		Debug|Any CPU = Debug|Any CPU
		Release|Any CPU = Release|Any CPU
	EndGlobalSection
	GlobalSection(ProjectConfigurationPlatforms) = postSolution
		{820CC7D7-0902-4E14-BC0C-268B1D86D29A}.Debug|Any CPU.ActiveCfg = Debug|Any CPU
		{820CC7D7-0902-4E14-BC0C-268B1D86D29A}.Debug|Any CPU.Build.0 = Debug|Any CPU
		{820CC7D7-0902-4E14-BC0C-268B1D86D29A}.Release|Any CPU.ActiveCfg = Release|Any CPU
		{820CC7D7-0902-4E14-BC0C-268B1D86D29A}.Release|Any CPU.Build.0 = Release|Any CPU
		{65335E85-19D0-4BA4-A8A0-74F037D0FEB6}.Debug|Any CPU.ActiveCfg = Debug|Any CPU
		{65335E85-19D0-4BA4-A8A0-74F037D0FEB6}.Debug|Any CPU.Build.0 = Debug|Any CPU
		{65335E85-19D0-4BA4-A8A0-74F037D0FEB6}.Release|Any CPU.ActiveCfg = Release|Any CPU
		{65335E85-19D0-4BA4-A8A0-74F037D0FEB6}.Release|Any CPU.Build.0 = Release|Any CPU
	EndGlobalSection
	GlobalSection(SolutionProperties) = preSolution
		HideSolutionNode = FALSE
	EndGlobalSection
	GlobalSection(ExtensibilityGlobals) = postSolution
		SolutionGuid = {5C40264D-1934-4118-B168-FD4846560E63}
	EndGlobalSection
EndGlobal
